
Microsoft Visual Studio Solution File, Format Version 12.00
# Visual Studio Version 16
VisualStudioVersion = 16.0.31005.135
MinimumVisualStudioVersion = 10.0.40219.1
Project("{FAE04EC0-301F-11D3-BF4B-00C04F79EFBC}") = "WebApplicationVaruosad", "WebApplicationVaruosad\WebApplicationVaruosad.csproj", "{716A99CA-B287-431E-AAF4-68456D1E5FF4}"
EndProject
Global
	GlobalSection(SolutionConfigurationPlatforms) = preSolution
		Debug|Any CPU = Debug|Any CPU
		Release|Any CPU = Release|Any CPU
	EndGlobalSection
	GlobalSection(ProjectConfigurationPlatforms) = postSolution
		{716A99CA-B287-431E-AAF4-68456D1E5FF4}.Debug|Any CPU.ActiveCfg = Debug|Any CPU
		{716A99CA-B287-431E-AAF4-68456D1E5FF4}.Debug|Any CPU.Build.0 = Debug|Any CPU
		{716A99CA-B287-431E-AAF4-68456D1E5FF4}.Release|Any CPU.ActiveCfg = Release|Any CPU
		{716A99CA-B287-431E-AAF4-68456D1E5FF4}.Release|Any CPU.Build.0 = Release|Any CPU
	EndGlobalSection
	GlobalSection(SolutionProperties) = preSolution
		HideSolutionNode = FALSE
	EndGlobalSection
	GlobalSection(ExtensibilityGlobals) = postSolution
		SolutionGuid = {469ABBD0-52BB-456A-83F8-AF5D846462D8}
	EndGlobalSection
EndGlobal
